// !$*UTF8*$!
{
	archiveVersion = 1;
	classes = {
	};
	objectVersion = 50;
	objects = {

/* Begin PBXBuildFile section */
		9797329420B37D7000CF87D8 /* CertificateSDK.framework in Frameworks */ = {isa = PBXBuildFile; fileRef = 9797329320B37D7000CF87D8 /* CertificateSDK.framework */; };
		9797329520B37D7000CF87D8 /* CertificateSDK.framework in Embed Frameworks */ = {isa = PBXBuildFile; fileRef = 9797329320B37D7000CF87D8 /* CertificateSDK.framework */; settings = {ATTRIBUTES = (CodeSignOnCopy, RemoveHeadersOnCopy, ); }; };
		97BE793320AB6FF3009579E5 /* AppDelegate.swift in Sources */ = {isa = PBXBuildFile; fileRef = 97BE793220AB6FF3009579E5 /* AppDelegate.swift */; };
		97BE793520AB6FF3009579E5 /* SetupTestViewController.swift in Sources */ = {isa = PBXBuildFile; fileRef = 97BE793420AB6FF3009579E5 /* SetupTestViewController.swift */; };
		97BE793720AB6FF3009579E5 /* ActionLogViewController.swift in Sources */ = {isa = PBXBuildFile; fileRef = 97BE793620AB6FF3009579E5 /* ActionLogViewController.swift */; };
		97BE793A20AB6FF3009579E5 /* Main.storyboard in Resources */ = {isa = PBXBuildFile; fileRef = 97BE793820AB6FF3009579E5 /* Main.storyboard */; };
		97BE793C20AB6FF5009579E5 /* Assets.xcassets in Resources */ = {isa = PBXBuildFile; fileRef = 97BE793B20AB6FF5009579E5 /* Assets.xcassets */; };
		97BE793F20AB6FF5009579E5 /* LaunchScreen.storyboard in Resources */ = {isa = PBXBuildFile; fileRef = 97BE793D20AB6FF5009579E5 /* LaunchScreen.storyboard */; };
		97BE794720AB70D2009579E5 /* Jamf-one-color-knockout.png in Resources */ = {isa = PBXBuildFile; fileRef = 97BE794620AB70D2009579E5 /* Jamf-one-color-knockout.png */; };
		97BE794920AF7ABA009579E5 /* CertificateSDKSetup.swift in Sources */ = {isa = PBXBuildFile; fileRef = 97BE794820AF7ABA009579E5 /* CertificateSDKSetup.swift */; };
		97BE9ACE20B32CA00047C4E8 /* test_certificate.p12 in Resources */ = {isa = PBXBuildFile; fileRef = 97BE9ACD20B32CA00047C4E8 /* test_certificate.p12 */; };
		97FFD0FB20DDA1BD00355359 /* KeychainHandler.swift in Sources */ = {isa = PBXBuildFile; fileRef = 97FFD0FA20DDA1BD00355359 /* KeychainHandler.swift */; };
		97FFD0FD20E150E300355359 /* CertificateRequestManager.swift in Sources */ = {isa = PBXBuildFile; fileRef = 97FFD0FC20E150E300355359 /* CertificateRequestManager.swift */; };
/* End PBXBuildFile section */

/* Begin PBXCopyFilesBuildPhase section */
		9797329620B37D7000CF87D8 /* Embed Frameworks */ = {
			isa = PBXCopyFilesBuildPhase;
			buildActionMask = 2147483647;
			dstPath = "";
			dstSubfolderSpec = 10;
			files = (
				9797329520B37D7000CF87D8 /* CertificateSDK.framework in Embed Frameworks */,
			);
			name = "Embed Frameworks";
			runOnlyForDeploymentPostprocessing = 0;
		};
/* End PBXCopyFilesBuildPhase section */

/* Begin PBXFileReference section */
		9712A85B213EED15003A2789 /* .swiftlint.yml */ = {isa = PBXFileReference; lastKnownFileType = text; path = .swiftlint.yml; sourceTree = "<group>"; };
		9797329320B37D7000CF87D8 /* CertificateSDK.framework */ = {isa = PBXFileReference; lastKnownFileType = wrapper.framework; path = CertificateSDK.framework; sourceTree = "<group>"; };
		97BE792F20AB6FF3009579E5 /* Certificate SDK Sample App.app */ = {isa = PBXFileReference; explicitFileType = wrapper.application; includeInIndex = 0; path = "Certificate SDK Sample App.app"; sourceTree = BUILT_PRODUCTS_DIR; };
		97BE793220AB6FF3009579E5 /* AppDelegate.swift */ = {isa = PBXFileReference; lastKnownFileType = sourcecode.swift; path = AppDelegate.swift; sourceTree = "<group>"; };
		97BE793420AB6FF3009579E5 /* SetupTestViewController.swift */ = {isa = PBXFileReference; lastKnownFileType = sourcecode.swift; path = SetupTestViewController.swift; sourceTree = "<group>"; };
		97BE793620AB6FF3009579E5 /* ActionLogViewController.swift */ = {isa = PBXFileReference; lastKnownFileType = sourcecode.swift; path = ActionLogViewController.swift; sourceTree = "<group>"; };
		97BE793920AB6FF3009579E5 /* Base */ = {isa = PBXFileReference; lastKnownFileType = file.storyboard; name = Base; path = Base.lproj/Main.storyboard; sourceTree = "<group>"; };
		97BE793B20AB6FF5009579E5 /* Assets.xcassets */ = {isa = PBXFileReference; lastKnownFileType = folder.assetcatalog; path = Assets.xcassets; sourceTree = "<group>"; };
		97BE793E20AB6FF5009579E5 /* Base */ = {isa = PBXFileReference; lastKnownFileType = file.storyboard; name = Base; path = Base.lproj/LaunchScreen.storyboard; sourceTree = "<group>"; };
		97BE794020AB6FF5009579E5 /* Info.plist */ = {isa = PBXFileReference; lastKnownFileType = text.plist.xml; path = Info.plist; sourceTree = "<group>"; };
		97BE794620AB70D2009579E5 /* Jamf-one-color-knockout.png */ = {isa = PBXFileReference; lastKnownFileType = image.png; path = "Jamf-one-color-knockout.png"; sourceTree = "<group>"; };
		97BE794820AF7ABA009579E5 /* CertificateSDKSetup.swift */ = {isa = PBXFileReference; lastKnownFileType = sourcecode.swift; path = CertificateSDKSetup.swift; sourceTree = "<group>"; };
		97BE9ACD20B32CA00047C4E8 /* test_certificate.p12 */ = {isa = PBXFileReference; lastKnownFileType = file; path = test_certificate.p12; sourceTree = "<group>"; };
		97FFD0FA20DDA1BD00355359 /* KeychainHandler.swift */ = {isa = PBXFileReference; lastKnownFileType = sourcecode.swift; path = KeychainHandler.swift; sourceTree = "<group>"; };
		97FFD0FC20E150E300355359 /* CertificateRequestManager.swift */ = {isa = PBXFileReference; lastKnownFileType = sourcecode.swift; path = CertificateRequestManager.swift; sourceTree = "<group>"; };
/* End PBXFileReference section */

/* Begin PBXFrameworksBuildPhase section */
		97BE792C20AB6FF3009579E5 /* Frameworks */ = {
			isa = PBXFrameworksBuildPhase;
			buildActionMask = 2147483647;
			files = (
				9797329420B37D7000CF87D8 /* CertificateSDK.framework in Frameworks */,
			);
			runOnlyForDeploymentPostprocessing = 0;
		};
/* End PBXFrameworksBuildPhase section */

/* Begin PBXGroup section */
		97BE792620AB6FF3009579E5 = {
			isa = PBXGroup;
			children = (
				9712A85B213EED15003A2789 /* .swiftlint.yml */,
				97BE793120AB6FF3009579E5 /* Certificate SDK Sample App */,
				9797329320B37D7000CF87D8 /* CertificateSDK.framework */,
				97BE793020AB6FF3009579E5 /* Products */,
			);
			sourceTree = "<group>";
		};
		97BE793020AB6FF3009579E5 /* Products */ = {
			isa = PBXGroup;
			children = (
				97BE792F20AB6FF3009579E5 /* Certificate SDK Sample App.app */,
			);
			name = Products;
			sourceTree = "<group>";
		};
		97BE793120AB6FF3009579E5 /* Certificate SDK Sample App */ = {
			isa = PBXGroup;
			children = (
				97BE793220AB6FF3009579E5 /* AppDelegate.swift */,
				97BE793420AB6FF3009579E5 /* SetupTestViewController.swift */,
				97BE793620AB6FF3009579E5 /* ActionLogViewController.swift */,
				97FFD0FC20E150E300355359 /* CertificateRequestManager.swift */,
				97FFD0FA20DDA1BD00355359 /* KeychainHandler.swift */,
				97BE794820AF7ABA009579E5 /* CertificateSDKSetup.swift */,
				97BE793820AB6FF3009579E5 /* Main.storyboard */,
				97BE793B20AB6FF5009579E5 /* Assets.xcassets */,
				97BE793D20AB6FF5009579E5 /* LaunchScreen.storyboard */,
				97BE794620AB70D2009579E5 /* Jamf-one-color-knockout.png */,
				97BE9ACD20B32CA00047C4E8 /* test_certificate.p12 */,
				97BE794020AB6FF5009579E5 /* Info.plist */,
			);
			path = "Certificate SDK Sample App";
			sourceTree = "<group>";
		};
/* End PBXGroup section */

/* Begin PBXNativeTarget section */
		97BE792E20AB6FF3009579E5 /* Certificate SDK Sample App */ = {
			isa = PBXNativeTarget;
			buildConfigurationList = 97BE794320AB6FF5009579E5 /* Build configuration list for PBXNativeTarget "Certificate SDK Sample App" */;
			buildPhases = (
				97BE792B20AB6FF3009579E5 /* Sources */,
				97BE792C20AB6FF3009579E5 /* Frameworks */,
				97BE792D20AB6FF3009579E5 /* Resources */,
				9797329620B37D7000CF87D8 /* Embed Frameworks */,
				9797329720B4A8C000CF87D8 /* ShellScript */,
			);
			buildRules = (
			);
			dependencies = (
			);
			name = "Certificate SDK Sample App";
			productName = "Certificate SDK Sample App";
			productReference = 97BE792F20AB6FF3009579E5 /* Certificate SDK Sample App.app */;
			productType = "com.apple.product-type.application";
		};
/* End PBXNativeTarget section */

/* Begin PBXProject section */
		97BE792720AB6FF3009579E5 /* Project object */ = {
			isa = PBXProject;
			attributes = {
				LastSwiftUpdateCheck = 0930;
				LastUpgradeCheck = 0930;
				ORGANIZATIONNAME = Jamf;
				TargetAttributes = {
					97BE792E20AB6FF3009579E5 = {
						CreatedOnToolsVersion = 9.3;
						LastSwiftMigration = 1120;
						SystemCapabilities = {
							com.apple.BackgroundModes = {
								enabled = 0;
							};
						};
					};
				};
			};
			buildConfigurationList = 97BE792A20AB6FF3009579E5 /* Build configuration list for PBXProject "Certificate SDK Sample App" */;
			compatibilityVersion = "Xcode 9.3";
			developmentRegion = en;
			hasScannedForEncodings = 0;
			knownRegions = (
				en,
				Base,
			);
			mainGroup = 97BE792620AB6FF3009579E5;
			productRefGroup = 97BE793020AB6FF3009579E5 /* Products */;
			projectDirPath = "";
			projectRoot = "";
			targets = (
				97BE792E20AB6FF3009579E5 /* Certificate SDK Sample App */,
			);
		};
/* End PBXProject section */

/* Begin PBXResourcesBuildPhase section */
		97BE792D20AB6FF3009579E5 /* Resources */ = {
			isa = PBXResourcesBuildPhase;
			buildActionMask = 2147483647;
			files = (
				97BE793F20AB6FF5009579E5 /* LaunchScreen.storyboard in Resources */,
				97BE793C20AB6FF5009579E5 /* Assets.xcassets in Resources */,
				97BE794720AB70D2009579E5 /* Jamf-one-color-knockout.png in Resources */,
				97BE793A20AB6FF3009579E5 /* Main.storyboard in Resources */,
				97BE9ACE20B32CA00047C4E8 /* test_certificate.p12 in Resources */,
			);
			runOnlyForDeploymentPostprocessing = 0;
		};
/* End PBXResourcesBuildPhase section */

/* Begin PBXShellScriptBuildPhase section */
		9797329720B4A8C000CF87D8 /* ShellScript */ = {
			isa = PBXShellScriptBuildPhase;
			buildActionMask = 2147483647;
			files = (
			);
			inputPaths = (
			);
			outputPaths = (
			);
			runOnlyForDeploymentPostprocessing = 0;
			shellPath = /bin/sh;
			shellScript = "if which swiftlint >/dev/null; then\n    swiftlint\nelse\n    echo \"warning: SwiftLint not installed, download from https://github.com/realm/SwiftLint\"\nfi";
			showEnvVarsInLog = 0;
		};
/* End PBXShellScriptBuildPhase section */

/* Begin PBXSourcesBuildPhase section */
		97BE792B20AB6FF3009579E5 /* Sources */ = {
			isa = PBXSourcesBuildPhase;
			buildActionMask = 2147483647;
			files = (
				97BE793720AB6FF3009579E5 /* ActionLogViewController.swift in Sources */,
				97BE793520AB6FF3009579E5 /* SetupTestViewController.swift in Sources */,
				97FFD0FB20DDA1BD00355359 /* KeychainHandler.swift in Sources */,
				97FFD0FD20E150E300355359 /* CertificateRequestManager.swift in Sources */,
				97BE794920AF7ABA009579E5 /* CertificateSDKSetup.swift in Sources */,
				97BE793320AB6FF3009579E5 /* AppDelegate.swift in Sources */,
			);
			runOnlyForDeploymentPostprocessing = 0;
		};
/* End PBXSourcesBuildPhase section */

/* Begin PBXVariantGroup section */
		97BE793820AB6FF3009579E5 /* Main.storyboard */ = {
			isa = PBXVariantGroup;
			children = (
				97BE793920AB6FF3009579E5 /* Base */,
			);
			name = Main.storyboard;
			sourceTree = "<group>";
		};
		97BE793D20AB6FF5009579E5 /* LaunchScreen.storyboard */ = {
			isa = PBXVariantGroup;
			children = (
				97BE793E20AB6FF5009579E5 /* Base */,
			);
			name = LaunchScreen.storyboard;
			sourceTree = "<group>";
		};
/* End PBXVariantGroup section */

/* Begin XCBuildConfiguration section */
		97BE794120AB6FF5009579E5 /* Debug */ = {
			isa = XCBuildConfiguration;
			buildSettings = {
				ALWAYS_SEARCH_USER_PATHS = NO;
				CLANG_ANALYZER_NONNULL = YES;
				CLANG_ANALYZER_NUMBER_OBJECT_CONVERSION = YES_AGGRESSIVE;
				CLANG_CXX_LANGUAGE_STANDARD = "gnu++14";
				CLANG_CXX_LIBRARY = "libc++";
				CLANG_ENABLE_MODULES = YES;
				CLANG_ENABLE_OBJC_ARC = YES;
				CLANG_ENABLE_OBJC_WEAK = YES;
				CLANG_WARN_BLOCK_CAPTURE_AUTORELEASING = YES;
				CLANG_WARN_BOOL_CONVERSION = YES;
				CLANG_WARN_COMMA = YES;
				CLANG_WARN_CONSTANT_CONVERSION = YES;
				CLANG_WARN_DEPRECATED_OBJC_IMPLEMENTATIONS = YES;
				CLANG_WARN_DIRECT_OBJC_ISA_USAGE = YES_ERROR;
				CLANG_WARN_DOCUMENTATION_COMMENTS = YES;
				CLANG_WARN_EMPTY_BODY = YES;
				CLANG_WARN_ENUM_CONVERSION = YES;
				CLANG_WARN_INFINITE_RECURSION = YES;
				CLANG_WARN_INT_CONVERSION = YES;
				CLANG_WARN_NON_LITERAL_NULL_CONVERSION = YES;
				CLANG_WARN_OBJC_IMPLICIT_RETAIN_SELF = YES;
				CLANG_WARN_OBJC_LITERAL_CONVERSION = YES;
				CLANG_WARN_OBJC_ROOT_CLASS = YES_ERROR;
				CLANG_WARN_RANGE_LOOP_ANALYSIS = YES;
				CLANG_WARN_STRICT_PROTOTYPES = YES;
				CLANG_WARN_SUSPICIOUS_MOVE = YES;
				CLANG_WARN_UNGUARDED_AVAILABILITY = YES_AGGRESSIVE;
				CLANG_WARN_UNREACHABLE_CODE = YES;
				CLANG_WARN__DUPLICATE_METHOD_MATCH = YES;
				CODE_SIGN_IDENTITY = "iPhone Developer";
				COPY_PHASE_STRIP = NO;
				DEBUG_INFORMATION_FORMAT = dwarf;
				ENABLE_STRICT_OBJC_MSGSEND = YES;
				ENABLE_TESTABILITY = YES;
				GCC_C_LANGUAGE_STANDARD = gnu11;
				GCC_DYNAMIC_NO_PIC = NO;
				GCC_NO_COMMON_BLOCKS = YES;
				GCC_OPTIMIZATION_LEVEL = 0;
				GCC_PREPROCESSOR_DEFINITIONS = (
					"DEBUG=1",
					"$(inherited)",
				);
				GCC_WARN_64_TO_32_BIT_CONVERSION = YES;
				GCC_WARN_ABOUT_RETURN_TYPE = YES_ERROR;
				GCC_WARN_UNDECLARED_SELECTOR = YES;
				GCC_WARN_UNINITIALIZED_AUTOS = YES_AGGRESSIVE;
				GCC_WARN_UNUSED_FUNCTION = YES;
				GCC_WARN_UNUSED_VARIABLE = YES;
				IPHONEOS_DEPLOYMENT_TARGET = 11.3;
				MTL_ENABLE_DEBUG_INFO = YES;
				ONLY_ACTIVE_ARCH = YES;
				SDKROOT = iphoneos;
				SWIFT_ACTIVE_COMPILATION_CONDITIONS = DEBUG;
				SWIFT_OPTIMIZATION_LEVEL = "-Onone";
			};
			name = Debug;
		};
		97BE794220AB6FF5009579E5 /* Release */ = {
			isa = XCBuildConfiguration;
			buildSettings = {
				ALWAYS_SEARCH_USER_PATHS = NO;
				CLANG_ANALYZER_NONNULL = YES;
				CLANG_ANALYZER_NUMBER_OBJECT_CONVERSION = YES_AGGRESSIVE;
				CLANG_CXX_LANGUAGE_STANDARD = "gnu++14";
				CLANG_CXX_LIBRARY = "libc++";
				CLANG_ENABLE_MODULES = YES;
				CLANG_ENABLE_OBJC_ARC = YES;
				CLANG_ENABLE_OBJC_WEAK = YES;
				CLANG_WARN_BLOCK_CAPTURE_AUTORELEASING = YES;
				CLANG_WARN_BOOL_CONVERSION = YES;
				CLANG_WARN_COMMA = YES;
				CLANG_WARN_CONSTANT_CONVERSION = YES;
				CLANG_WARN_DEPRECATED_OBJC_IMPLEMENTATIONS = YES;
				CLANG_WARN_DIRECT_OBJC_ISA_USAGE = YES_ERROR;
				CLANG_WARN_DOCUMENTATION_COMMENTS = YES;
				CLANG_WARN_EMPTY_BODY = YES;
				CLANG_WARN_ENUM_CONVERSION = YES;
				CLANG_WARN_INFINITE_RECURSION = YES;
				CLANG_WARN_INT_CONVERSION = YES;
				CLANG_WARN_NON_LITERAL_NULL_CONVERSION = YES;
				CLANG_WARN_OBJC_IMPLICIT_RETAIN_SELF = YES;
				CLANG_WARN_OBJC_LITERAL_CONVERSION = YES;
				CLANG_WARN_OBJC_ROOT_CLASS = YES_ERROR;
				CLANG_WARN_RANGE_LOOP_ANALYSIS = YES;
				CLANG_WARN_STRICT_PROTOTYPES = YES;
				CLANG_WARN_SUSPICIOUS_MOVE = YES;
				CLANG_WARN_UNGUARDED_AVAILABILITY = YES_AGGRESSIVE;
				CLANG_WARN_UNREACHABLE_CODE = YES;
				CLANG_WARN__DUPLICATE_METHOD_MATCH = YES;
				CODE_SIGN_IDENTITY = "iPhone Developer";
				COPY_PHASE_STRIP = NO;
				DEBUG_INFORMATION_FORMAT = "dwarf-with-dsym";
				ENABLE_NS_ASSERTIONS = NO;
				ENABLE_STRICT_OBJC_MSGSEND = YES;
				GCC_C_LANGUAGE_STANDARD = gnu11;
				GCC_NO_COMMON_BLOCKS = YES;
				GCC_WARN_64_TO_32_BIT_CONVERSION = YES;
				GCC_WARN_ABOUT_RETURN_TYPE = YES_ERROR;
				GCC_WARN_UNDECLARED_SELECTOR = YES;
				GCC_WARN_UNINITIALIZED_AUTOS = YES_AGGRESSIVE;
				GCC_WARN_UNUSED_FUNCTION = YES;
				GCC_WARN_UNUSED_VARIABLE = YES;
				IPHONEOS_DEPLOYMENT_TARGET = 11.3;
				MTL_ENABLE_DEBUG_INFO = NO;
				SDKROOT = iphoneos;
				SWIFT_COMPILATION_MODE = wholemodule;
				SWIFT_OPTIMIZATION_LEVEL = "-O";
				VALIDATE_PRODUCT = YES;
			};
			name = Release;
		};
		97BE794420AB6FF5009579E5 /* Debug */ = {
			isa = XCBuildConfiguration;
			buildSettings = {
				ASSETCATALOG_COMPILER_APPICON_NAME = AppIcon;
				CODE_SIGN_STYLE = Automatic;
				FRAMEWORK_SEARCH_PATHS = (
					"$(inherited)",
					"$(PROJECT_DIR)",
				);
				INFOPLIST_FILE = "Certificate SDK Sample App/Info.plist";
				LD_RUNPATH_SEARCH_PATHS = (
					"$(inherited)",
					"@executable_path/Frameworks",
				);
				PRODUCT_BUNDLE_IDENTIFIER = "com.jamf.certificate-sdk.sample";
				PRODUCT_NAME = "$(TARGET_NAME)";
				SWIFT_OBJC_BRIDGING_HEADER = "$(PROJECT_DIR)/CertificateSDK.framework/Headers/CertificateSDK.h";
				SWIFT_VERSION = 5.0;
				TARGETED_DEVICE_FAMILY = "1,2";
			};
			name = Debug;
		};
		97BE794520AB6FF5009579E5 /* Release */ = {
			isa = XCBuildConfiguration;
			buildSettings = {
				ASSETCATALOG_COMPILER_APPICON_NAME = AppIcon;
				CODE_SIGN_STYLE = Automatic;
				FRAMEWORK_SEARCH_PATHS = (
					"$(inherited)",
					"$(PROJECT_DIR)",
				);
				INFOPLIST_FILE = "Certificate SDK Sample App/Info.plist";
				LD_RUNPATH_SEARCH_PATHS = (
					"$(inherited)",
					"@executable_path/Frameworks",
				);
				PRODUCT_BUNDLE_IDENTIFIER = "com.jamf.certificate-sdk.sample";
				PRODUCT_NAME = "$(TARGET_NAME)";
				SWIFT_OBJC_BRIDGING_HEADER = "$(PROJECT_DIR)/CertificateSDK.framework/Headers/CertificateSDK.h";
				SWIFT_VERSION = 5.0;
				TARGETED_DEVICE_FAMILY = "1,2";
			};
			name = Release;
		};
/* End XCBuildConfiguration section */

/* Begin XCConfigurationList section */
		97BE792A20AB6FF3009579E5 /* Build configuration list for PBXProject "Certificate SDK Sample App" */ = {
			isa = XCConfigurationList;
			buildConfigurations = (
				97BE794120AB6FF5009579E5 /* Debug */,
				97BE794220AB6FF5009579E5 /* Release */,
			);
			defaultConfigurationIsVisible = 0;
			defaultConfigurationName = Release;
		};
		97BE794320AB6FF5009579E5 /* Build configuration list for PBXNativeTarget "Certificate SDK Sample App" */ = {
			isa = XCConfigurationList;
			buildConfigurations = (
				97BE794420AB6FF5009579E5 /* Debug */,
				97BE794520AB6FF5009579E5 /* Release */,
			);
			defaultConfigurationIsVisible = 0;
			defaultConfigurationName = Release;
		};
/* End XCConfigurationList section */
	};
	rootObject = 97BE792720AB6FF3009579E5 /* Project object */;
}
